
Microsoft Visual Studio Solution File, Format Version 12.00
# Visual Studio Version 17
VisualStudioVersion = 17.8.34316.72
MinimumVisualStudioVersion = 10.0.40219.1
Project("{FAE04EC0-301F-11D3-BF4B-00C04F79EFBC}") = "LombardWpf", "LombardWpf\LombardWpf.csproj", "{DE683AB7-8A47-40CB-A8C8-4F365D6D5867}"
EndProject
Global
	GlobalSection(SolutionConfigurationPlatforms) = preSolution
		Debug|Any CPU = Debug|Any CPU
		Release|Any CPU = Release|Any CPU
	EndGlobalSection
	GlobalSection(ProjectConfigurationPlatforms) = postSolution
		{DE683AB7-8A47-40CB-A8C8-4F365D6D5867}.Debug|Any CPU.ActiveCfg = Debug|Any CPU
		{DE683AB7-8A47-40CB-A8C8-4F365D6D5867}.Debug|Any CPU.Build.0 = Debug|Any CPU
		{DE683AB7-8A47-40CB-A8C8-4F365D6D5867}.Release|Any CPU.ActiveCfg = Release|Any CPU
		{DE683AB7-8A47-40CB-A8C8-4F365D6D5867}.Release|Any CPU.Build.0 = Release|Any CPU
	EndGlobalSection
	GlobalSection(SolutionProperties) = preSolution
		HideSolutionNode = FALSE
	EndGlobalSection
	GlobalSection(ExtensibilityGlobals) = postSolution
		SolutionGuid = {14EA31D4-11A0-4EE6-8D21-D0568204E0EB}
	EndGlobalSection
EndGlobal
